
Microsoft Visual Studio Solution File, Format Version 12.00
# Visual Studio 14
VisualStudioVersion = 14.0.25123.0
MinimumVisualStudioVersion = 10.0.40219.1
Project("{FAE04EC0-301F-11D3-BF4B-00C04F79EFBC}") = "SocialNetwork", "SocialNetwork\SocialNetwork.csproj", "{D2B79529-2133-43C7-BA91-4D28834105A7}"
EndProject
Project("{FAE04EC0-301F-11D3-BF4B-00C04F79EFBC}") = "DatabaseLevel", "DatabaseLevel\DatabaseLevel.csproj", "{7690AE20-F8D9-46C1-A4A8-1D37CC9684C2}"
EndProject
Project("{FAE04EC0-301F-11D3-BF4B-00C04F79EFBC}") = "DataCommunication", "DataCommunication\DataCommunication.csproj", "{4248A736-2F94-49EC-BF1D-DB80FBE7BC10}"
EndProject
Global
	GlobalSection(SolutionConfigurationPlatforms) = preSolution
		Debug|Any CPU = Debug|Any CPU
		Release|Any CPU = Release|Any CPU
	EndGlobalSection
	GlobalSection(ProjectConfigurationPlatforms) = postSolution
		{D2B79529-2133-43C7-BA91-4D28834105A7}.Debug|Any CPU.ActiveCfg = Debug|Any CPU
		{D2B79529-2133-43C7-BA91-4D28834105A7}.Debug|Any CPU.Build.0 = Debug|Any CPU
		{D2B79529-2133-43C7-BA91-4D28834105A7}.Release|Any CPU.ActiveCfg = Release|Any CPU
		{D2B79529-2133-43C7-BA91-4D28834105A7}.Release|Any CPU.Build.0 = Release|Any CPU
		{7690AE20-F8D9-46C1-A4A8-1D37CC9684C2}.Debug|Any CPU.ActiveCfg = Debug|Any CPU
		{7690AE20-F8D9-46C1-A4A8-1D37CC9684C2}.Debug|Any CPU.Build.0 = Debug|Any CPU
		{7690AE20-F8D9-46C1-A4A8-1D37CC9684C2}.Release|Any CPU.ActiveCfg = Release|Any CPU
		{7690AE20-F8D9-46C1-A4A8-1D37CC9684C2}.Release|Any CPU.Build.0 = Release|Any CPU
		{4248A736-2F94-49EC-BF1D-DB80FBE7BC10}.Debug|Any CPU.ActiveCfg = Debug|Any CPU
		{4248A736-2F94-49EC-BF1D-DB80FBE7BC10}.Debug|Any CPU.Build.0 = Debug|Any CPU
		{4248A736-2F94-49EC-BF1D-DB80FBE7BC10}.Release|Any CPU.ActiveCfg = Release|Any CPU
		{4248A736-2F94-49EC-BF1D-DB80FBE7BC10}.Release|Any CPU.Build.0 = Release|Any CPU
	EndGlobalSection
	GlobalSection(SolutionProperties) = preSolution
		HideSolutionNode = FALSE
	EndGlobalSection
EndGlobal
